{
  "nodes": {
    "emacs-overlay": {
      "inputs": {
        "nixpkgs": [
          "nixpkgs"
        ],
        "nixpkgs-stable": "nixpkgs-stable"
      },
      "locked": {
        "lastModified": 1739524449,
        "narHash": "sha256-adoKafPMUqNNBz37LiX87+ducjdHMpsoMNk3ssh0pgY=",
        "owner": "nix-community",
        "repo": "emacs-overlay",
        "rev": "24720cc605015be05e56b9402dd022c397be0b89",
        "type": "github"
      },
      "original": {
        "owner": "nix-community",
        "repo": "emacs-overlay",
        "type": "github"
      }
    },
    "flake-compat": {
      "flake": false,
      "locked": {
        "lastModified": 1717312683,
        "narHash": "sha256-FrlieJH50AuvagamEvWMIE6D2OAnERuDboFDYAED/dE=",
        "owner": "nix-community",
        "repo": "flake-compat",
        "rev": "38fd3954cf65ce6faf3d0d45cd26059e059f07ea",
        "type": "github"
      },
      "original": {
        "owner": "nix-community",
        "repo": "flake-compat",
        "type": "github"
      }
    },
    "home-manager": {
      "inputs": {
        "nixpkgs": [
          "nixpkgs"
        ]
      },
      "locked": {
        "lastModified": 1739470101,
        "narHash": "sha256-NxNe32VB4XI/xIXrsKmIfrcgtEx5r/5s52pL3CpEcA4=",
        "owner": "nix-community",
        "repo": "home-manager",
        "rev": "5031c6d2978109336637977c165f82aa49fa16a7",
        "type": "github"
      },
      "original": {
        "owner": "nix-community",
        "repo": "home-manager",
        "type": "github"
      }
    },
    "nix-darwin": {
      "inputs": {
        "nixpkgs": [
          "nixpkgs"
        ]
      },
      "locked": {
        "lastModified": 1739302241,
        "narHash": "sha256-NXQXFU6HOschZ+8ZKrNOlwlHelez8vPl+dCiUaJ82/U=",
        "owner": "LnL7",
        "repo": "nix-darwin",
        "rev": "a6746213b138fe7add88b19bafacd446de574ca7",
        "type": "github"
      },
      "original": {
        "owner": "LnL7",
        "repo": "nix-darwin",
        "type": "github"
      }
    },
    "nixos-cosmic": {
      "inputs": {
        "flake-compat": "flake-compat",
        "nixpkgs": "nixpkgs",
        "nixpkgs-stable": "nixpkgs-stable_2"
      },
      "locked": {
        "lastModified": 1739497001,
        "narHash": "sha256-c3PAlD0GW6DXvYH4WXehICDHpg4N1b2sJHHFSISUXS8=",
        "owner": "lilyinstarlight",
        "repo": "nixos-cosmic",
        "rev": "6afdbb543d03f15243317c69733aa4271073827c",
        "type": "github"
      },
      "original": {
        "owner": "lilyinstarlight",
        "repo": "nixos-cosmic",
        "type": "github"
      }
    },
    "nixpkgs": {
      "locked": {
        "lastModified": 1739446958,
        "narHash": "sha256-+/bYK3DbPxMIvSL4zArkMX0LQvS7rzBKXnDXLfKyRVc=",
        "owner": "NixOS",
        "repo": "nixpkgs",
        "rev": "2ff53fe64443980e139eaa286017f53f88336dd0",
        "type": "github"
      },
      "original": {
        "owner": "NixOS",
        "ref": "nixos-unstable",
        "repo": "nixpkgs",
        "type": "github"
      }
    },
    "nixpkgs-stable": {
      "locked": {
        "lastModified": 1739357830,
        "narHash": "sha256-9xim3nJJUFbVbJCz48UP4fGRStVW5nv4VdbimbKxJ3I=",
        "owner": "NixOS",
        "repo": "nixpkgs",
        "rev": "0ff09db9d034a04acd4e8908820ba0b410d7a33a",
        "type": "github"
      },
      "original": {
        "owner": "NixOS",
        "ref": "nixos-24.11",
        "repo": "nixpkgs",
        "type": "github"
      }
    },
    "nixpkgs-stable_2": {
      "locked": {
        "lastModified": 1739357830,
        "narHash": "sha256-9xim3nJJUFbVbJCz48UP4fGRStVW5nv4VdbimbKxJ3I=",
        "owner": "NixOS",
        "repo": "nixpkgs",
        "rev": "0ff09db9d034a04acd4e8908820ba0b410d7a33a",
        "type": "github"
      },
      "original": {
        "owner": "NixOS",
        "ref": "nixos-24.11",
        "repo": "nixpkgs",
        "type": "github"
      }
    },
    "nixpkgs_2": {
      "locked": {
        "lastModified": 1736320768,
        "narHash": "sha256-nIYdTAiKIGnFNugbomgBJR+Xv5F1ZQU+HfaBqJKroC0=",
        "owner": "NixOS",
        "repo": "nixpkgs",
        "rev": "4bc9c909d9ac828a039f288cf872d16d38185db8",
        "type": "github"
      },
      "original": {
        "owner": "NixOS",
        "ref": "nixpkgs-unstable",
        "repo": "nixpkgs",
        "type": "github"
      }
    },
    "root": {
      "inputs": {
        "emacs-overlay": "emacs-overlay",
        "home-manager": "home-manager",
        "nix-darwin": "nix-darwin",
        "nixos-cosmic": "nixos-cosmic",
        "nixpkgs": [
          "nixos-cosmic",
          "nixpkgs"
        ],
        "rust-overlay": "rust-overlay"
      }
    },
    "rust-overlay": {
      "inputs": {
        "nixpkgs": "nixpkgs_2"
      },
      "locked": {
        "lastModified": 1739500069,
        "narHash": "sha256-eCxWMqMsP2KQkleWWhs9KzFvxgd9v0F0iq7Piw6XDAs=",
        "owner": "oxalica",
        "repo": "rust-overlay",
        "rev": "cd3e0a87bf9edadb0f311ba1eb677bbae7a08b81",
        "type": "github"
      },
      "original": {
        "owner": "oxalica",
        "repo": "rust-overlay",
        "type": "github"
      }
    }
  },
  "root": "root",
  "version": 7
}
